// !$*UTF8*$!
{
	archiveVersion = 1;
	classes = {
	};
	objectVersion = 46;
	objects = {

/* Begin PBXBuildFile section */
		965D13741AADBED600B371CD /* main.m in Sources */ = {isa = PBXBuildFile; fileRef = 965D13731AADBED600B371CD /* main.m */; };
		965D13771AADBED600B371CD /* AppDelegate.m in Sources */ = {isa = PBXBuildFile; fileRef = 965D13761AADBED600B371CD /* AppDelegate.m */; };
		965D137D1AADBED600B371CD /* Main.storyboard in Resources */ = {isa = PBXBuildFile; fileRef = 965D137B1AADBED600B371CD /* Main.storyboard */; };
		965D137F1AADBED600B371CD /* Images.xcassets in Resources */ = {isa = PBXBuildFile; fileRef = 965D137E1AADBED600B371CD /* Images.xcassets */; };
		965D13821AADBED600B371CD /* LaunchScreen.xib in Resources */ = {isa = PBXBuildFile; fileRef = 965D13801AADBED600B371CD /* LaunchScreen.xib */; };
		965D138E1AADBED600B371CD /* PuppyBombsTests.m in Sources */ = {isa = PBXBuildFile; fileRef = 965D138D1AADBED600B371CD /* PuppyBombsTests.m */; };
		965D13991AADBF0400B371CD /* PhotoViewController.m in Sources */ = {isa = PBXBuildFile; fileRef = 965D13981AADBF0400B371CD /* PhotoViewController.m */; };
		965D139C1AADC44200B371CD /* PhotoCell.m in Sources */ = {isa = PBXBuildFile; fileRef = 965D139B1AADC44200B371CD /* PhotoCell.m */; };
/* End PBXBuildFile section */

/* Begin PBXContainerItemProxy section */
		965D13881AADBED600B371CD /* PBXContainerItemProxy */ = {
			isa = PBXContainerItemProxy;
			containerPortal = 965D13661AADBED600B371CD /* Project object */;
			proxyType = 1;
			remoteGlobalIDString = 965D136D1AADBED600B371CD;
			remoteInfo = PuppyBombs;
		};
/* End PBXContainerItemProxy section */

/* Begin PBXFileReference section */
		965D136E1AADBED600B371CD /* PuppyBombs.app */ = {isa = PBXFileReference; explicitFileType = wrapper.application; includeInIndex = 0; path = PuppyBombs.app; sourceTree = BUILT_PRODUCTS_DIR; };
		965D13721AADBED600B371CD /* Info.plist */ = {isa = PBXFileReference; lastKnownFileType = text.plist.xml; path = Info.plist; sourceTree = "<group>"; };
		965D13731AADBED600B371CD /* main.m */ = {isa = PBXFileReference; lastKnownFileType = sourcecode.c.objc; path = main.m; sourceTree = "<group>"; };
		965D13751AADBED600B371CD /* AppDelegate.h */ = {isa = PBXFileReference; lastKnownFileType = sourcecode.c.h; path = AppDelegate.h; sourceTree = "<group>"; };
		965D13761AADBED600B371CD /* AppDelegate.m */ = {isa = PBXFileReference; lastKnownFileType = sourcecode.c.objc; path = AppDelegate.m; sourceTree = "<group>"; };
		965D137C1AADBED600B371CD /* Base */ = {isa = PBXFileReference; lastKnownFileType = file.storyboard; name = Base; path = Base.lproj/Main.storyboard; sourceTree = "<group>"; };
		965D137E1AADBED600B371CD /* Images.xcassets */ = {isa = PBXFileReference; lastKnownFileType = folder.assetcatalog; path = Images.xcassets; sourceTree = "<group>"; };
		965D13811AADBED600B371CD /* Base */ = {isa = PBXFileReference; lastKnownFileType = file.xib; name = Base; path = Base.lproj/LaunchScreen.xib; sourceTree = "<group>"; };
		965D13871AADBED600B371CD /* PuppyBombsTests.xctest */ = {isa = PBXFileReference; explicitFileType = wrapper.cfbundle; includeInIndex = 0; path = PuppyBombsTests.xctest; sourceTree = BUILT_PRODUCTS_DIR; };
		965D138C1AADBED600B371CD /* Info.plist */ = {isa = PBXFileReference; lastKnownFileType = text.plist.xml; path = Info.plist; sourceTree = "<group>"; };
		965D138D1AADBED600B371CD /* PuppyBombsTests.m */ = {isa = PBXFileReference; lastKnownFileType = sourcecode.c.objc; path = PuppyBombsTests.m; sourceTree = "<group>"; };
		965D13971AADBF0400B371CD /* PhotoViewController.h */ = {isa = PBXFileReference; fileEncoding = 4; lastKnownFileType = sourcecode.c.h; path = PhotoViewController.h; sourceTree = "<group>"; };
		965D13981AADBF0400B371CD /* PhotoViewController.m */ = {isa = PBXFileReference; fileEncoding = 4; lastKnownFileType = sourcecode.c.objc; path = PhotoViewController.m; sourceTree = "<group>"; };
		965D139A1AADC44200B371CD /* PhotoCell.h */ = {isa = PBXFileReference; fileEncoding = 4; lastKnownFileType = sourcecode.c.h; path = PhotoCell.h; sourceTree = "<group>"; };
		965D139B1AADC44200B371CD /* PhotoCell.m */ = {isa = PBXFileReference; fileEncoding = 4; lastKnownFileType = sourcecode.c.objc; path = PhotoCell.m; sourceTree = "<group>"; };
/* End PBXFileReference section */

/* Begin PBXFrameworksBuildPhase section */
		965D136B1AADBED600B371CD /* Frameworks */ = {
			isa = PBXFrameworksBuildPhase;
			buildActionMask = 2147483647;
			files = (
			);
			runOnlyForDeploymentPostprocessing = 0;
		};
		965D13841AADBED600B371CD /* Frameworks */ = {
			isa = PBXFrameworksBuildPhase;
			buildActionMask = 2147483647;
			files = (
			);
			runOnlyForDeploymentPostprocessing = 0;
		};
/* End PBXFrameworksBuildPhase section */

/* Begin PBXGroup section */
		965D13651AADBED600B371CD = {
			isa = PBXGroup;
			children = (
				965D13701AADBED600B371CD /* PuppyBombs */,
				965D138A1AADBED600B371CD /* PuppyBombsTests */,
				965D136F1AADBED600B371CD /* Products */,
			);
			sourceTree = "<group>";
		};
		965D136F1AADBED600B371CD /* Products */ = {
			isa = PBXGroup;
			children = (
				965D136E1AADBED600B371CD /* PuppyBombs.app */,
				965D13871AADBED600B371CD /* PuppyBombsTests.xctest */,
			);
			name = Products;
			sourceTree = "<group>";
		};
		965D13701AADBED600B371CD /* PuppyBombs */ = {
			isa = PBXGroup;
			children = (
				965D13751AADBED600B371CD /* AppDelegate.h */,
				965D13761AADBED600B371CD /* AppDelegate.m */,
				965D137B1AADBED600B371CD /* Main.storyboard */,
				965D13971AADBF0400B371CD /* PhotoViewController.h */,
				965D13981AADBF0400B371CD /* PhotoViewController.m */,
				965D139A1AADC44200B371CD /* PhotoCell.h */,
				965D139B1AADC44200B371CD /* PhotoCell.m */,
				965D137E1AADBED600B371CD /* Images.xcassets */,
				965D13801AADBED600B371CD /* LaunchScreen.xib */,
				965D13711AADBED600B371CD /* Supporting Files */,
			);
			path = PuppyBombs;
			sourceTree = "<group>";
		};
		965D13711AADBED600B371CD /* Supporting Files */ = {
			isa = PBXGroup;
			children = (
				965D13721AADBED600B371CD /* Info.plist */,
				965D13731AADBED600B371CD /* main.m */,
			);
			name = "Supporting Files";
			sourceTree = "<group>";
		};
		965D138A1AADBED600B371CD /* PuppyBombsTests */ = {
			isa = PBXGroup;
			children = (
				965D138D1AADBED600B371CD /* PuppyBombsTests.m */,
				965D138B1AADBED600B371CD /* Supporting Files */,
			);
			path = PuppyBombsTests;
			sourceTree = "<group>";
		};
		965D138B1AADBED600B371CD /* Supporting Files */ = {
			isa = PBXGroup;
			children = (
				965D138C1AADBED600B371CD /* Info.plist */,
			);
			name = "Supporting Files";
			sourceTree = "<group>";
		};
/* End PBXGroup section */

/* Begin PBXNativeTarget section */
		965D136D1AADBED600B371CD /* PuppyBombs */ = {
			isa = PBXNativeTarget;
			buildConfigurationList = 965D13911AADBED600B371CD /* Build configuration list for PBXNativeTarget "PuppyBombs" */;
			buildPhases = (
				965D136A1AADBED600B371CD /* Sources */,
				965D136B1AADBED600B371CD /* Frameworks */,
				965D136C1AADBED600B371CD /* Resources */,
			);
			buildRules = (
			);
			dependencies = (
			);
			name = PuppyBombs;
			productName = PuppyBombs;
			productReference = 965D136E1AADBED600B371CD /* PuppyBombs.app */;
			productType = "com.apple.product-type.application";
		};
		965D13861AADBED600B371CD /* PuppyBombsTests */ = {
			isa = PBXNativeTarget;
			buildConfigurationList = 965D13941AADBED600B371CD /* Build configuration list for PBXNativeTarget "PuppyBombsTests" */;
			buildPhases = (
				965D13831AADBED600B371CD /* Sources */,
				965D13841AADBED600B371CD /* Frameworks */,
				965D13851AADBED600B371CD /* Resources */,
			);
			buildRules = (
			);
			dependencies = (
				965D13891AADBED600B371CD /* PBXTargetDependency */,
			);
			name = PuppyBombsTests;
			productName = PuppyBombsTests;
			productReference = 965D13871AADBED600B371CD /* PuppyBombsTests.xctest */;
			productType = "com.apple.product-type.bundle.unit-test";
		};
/* End PBXNativeTarget section */

/* Begin PBXProject section */
		965D13661AADBED600B371CD /* Project object */ = {
			isa = PBXProject;
			attributes = {
				LastUpgradeCheck = 0610;
				ORGANIZATIONNAME = "Calvin Nisbet";
				TargetAttributes = {
					965D136D1AADBED600B371CD = {
						CreatedOnToolsVersion = 6.1.1;
					};
					965D13861AADBED600B371CD = {
						CreatedOnToolsVersion = 6.1.1;
						TestTargetID = 965D136D1AADBED600B371CD;
					};
				};
			};
			buildConfigurationList = 965D13691AADBED600B371CD /* Build configuration list for PBXProject "PuppyBombs" */;
			compatibilityVersion = "Xcode 3.2";
			developmentRegion = English;
			hasScannedForEncodings = 0;
			knownRegions = (
				en,
				Base,
			);
			mainGroup = 965D13651AADBED600B371CD;
			productRefGroup = 965D136F1AADBED600B371CD /* Products */;
			projectDirPath = "";
			projectRoot = "";
			targets = (
				965D136D1AADBED600B371CD /* PuppyBombs */,
				965D13861AADBED600B371CD /* PuppyBombsTests */,
			);
		};
/* End PBXProject section */

/* Begin PBXResourcesBuildPhase section */
		965D136C1AADBED600B371CD /* Resources */ = {
			isa = PBXResourcesBuildPhase;
			buildActionMask = 2147483647;
			files = (
				965D137D1AADBED600B371CD /* Main.storyboard in Resources */,
				965D13821AADBED600B371CD /* LaunchScreen.xib in Resources */,
				965D137F1AADBED600B371CD /* Images.xcassets in Resources */,
			);
			runOnlyForDeploymentPostprocessing = 0;
		};
		965D13851AADBED600B371CD /* Resources */ = {
			isa = PBXResourcesBuildPhase;
			buildActionMask = 2147483647;
			files = (
			);
			runOnlyForDeploymentPostprocessing = 0;
		};
/* End PBXResourcesBuildPhase section */

/* Begin PBXSourcesBuildPhase section */
		965D136A1AADBED600B371CD /* Sources */ = {
			isa = PBXSourcesBuildPhase;
			buildActionMask = 2147483647;
			files = (
				965D139C1AADC44200B371CD /* PhotoCell.m in Sources */,
				965D13991AADBF0400B371CD /* PhotoViewController.m in Sources */,
				965D13771AADBED600B371CD /* AppDelegate.m in Sources */,
				965D13741AADBED600B371CD /* main.m in Sources */,
			);
			runOnlyForDeploymentPostprocessing = 0;
		};
		965D13831AADBED600B371CD /* Sources */ = {
			isa = PBXSourcesBuildPhase;
			buildActionMask = 2147483647;
			files = (
				965D138E1AADBED600B371CD /* PuppyBombsTests.m in Sources */,
			);
			runOnlyForDeploymentPostprocessing = 0;
		};
/* End PBXSourcesBuildPhase section */

/* Begin PBXTargetDependency section */
		965D13891AADBED600B371CD /* PBXTargetDependency */ = {
			isa = PBXTargetDependency;
			target = 965D136D1AADBED600B371CD /* PuppyBombs */;
			targetProxy = 965D13881AADBED600B371CD /* PBXContainerItemProxy */;
		};
/* End PBXTargetDependency section */

/* Begin PBXVariantGroup section */
		965D137B1AADBED600B371CD /* Main.storyboard */ = {
			isa = PBXVariantGroup;
			children = (
				965D137C1AADBED600B371CD /* Base */,
			);
			name = Main.storyboard;
			sourceTree = "<group>";
		};
		965D13801AADBED600B371CD /* LaunchScreen.xib */ = {
			isa = PBXVariantGroup;
			children = (
				965D13811AADBED600B371CD /* Base */,
			);
			name = LaunchScreen.xib;
			sourceTree = "<group>";
		};
/* End PBXVariantGroup section */

/* Begin XCBuildConfiguration section */
		965D138F1AADBED600B371CD /* Debug */ = {
			isa = XCBuildConfiguration;
			buildSettings = {
				ALWAYS_SEARCH_USER_PATHS = NO;
				CLANG_CXX_LANGUAGE_STANDARD = "gnu++0x";
				CLANG_CXX_LIBRARY = "libc++";
				CLANG_ENABLE_MODULES = YES;
				CLANG_ENABLE_OBJC_ARC = YES;
				CLANG_WARN_BOOL_CONVERSION = YES;
				CLANG_WARN_CONSTANT_CONVERSION = YES;
				CLANG_WARN_DIRECT_OBJC_ISA_USAGE = YES_ERROR;
				CLANG_WARN_EMPTY_BODY = YES;
				CLANG_WARN_ENUM_CONVERSION = YES;
				CLANG_WARN_INT_CONVERSION = YES;
				CLANG_WARN_OBJC_ROOT_CLASS = YES_ERROR;
				CLANG_WARN_UNREACHABLE_CODE = YES;
				CLANG_WARN__DUPLICATE_METHOD_MATCH = YES;
				"CODE_SIGN_IDENTITY[sdk=iphoneos*]" = "iPhone Developer";
				COPY_PHASE_STRIP = NO;
				ENABLE_STRICT_OBJC_MSGSEND = YES;
				GCC_C_LANGUAGE_STANDARD = gnu99;
				GCC_DYNAMIC_NO_PIC = NO;
				GCC_OPTIMIZATION_LEVEL = 0;
				GCC_PREPROCESSOR_DEFINITIONS = (
					"DEBUG=1",
					"$(inherited)",
				);
				GCC_SYMBOLS_PRIVATE_EXTERN = NO;
				GCC_WARN_64_TO_32_BIT_CONVERSION = YES;
				GCC_WARN_ABOUT_RETURN_TYPE = YES_ERROR;
				GCC_WARN_UNDECLARED_SELECTOR = YES;
				GCC_WARN_UNINITIALIZED_AUTOS = YES_AGGRESSIVE;
				GCC_WARN_UNUSED_FUNCTION = YES;
				GCC_WARN_UNUSED_VARIABLE = YES;
				IPHONEOS_DEPLOYMENT_TARGET = 8.1;
				MTL_ENABLE_DEBUG_INFO = YES;
				ONLY_ACTIVE_ARCH = YES;
				SDKROOT = iphoneos;
			};
			name = Debug;
		};
		965D13901AADBED600B371CD /* Release */ = {
			isa = XCBuildConfiguration;
			buildSettings = {
				ALWAYS_SEARCH_USER_PATHS = NO;
				CLANG_CXX_LANGUAGE_STANDARD = "gnu++0x";
				CLANG_CXX_LIBRARY = "libc++";
				CLANG_ENABLE_MODULES = YES;
				CLANG_ENABLE_OBJC_ARC = YES;
				CLANG_WARN_BOOL_CONVERSION = YES;
				CLANG_WARN_CONSTANT_CONVERSION = YES;
				CLANG_WARN_DIRECT_OBJC_ISA_USAGE = YES_ERROR;
				CLANG_WARN_EMPTY_BODY = YES;
				CLANG_WARN_ENUM_CONVERSION = YES;
				CLANG_WARN_INT_CONVERSION = YES;
				CLANG_WARN_OBJC_ROOT_CLASS = YES_ERROR;
				CLANG_WARN_UNREACHABLE_CODE = YES;
				CLANG_WARN__DUPLICATE_METHOD_MATCH = YES;
				"CODE_SIGN_IDENTITY[sdk=iphoneos*]" = "iPhone Developer";
				COPY_PHASE_STRIP = YES;
				ENABLE_NS_ASSERTIONS = NO;
				ENABLE_STRICT_OBJC_MSGSEND = YES;
				GCC_C_LANGUAGE_STANDARD = gnu99;
				GCC_WARN_64_TO_32_BIT_CONVERSION = YES;
				GCC_WARN_ABOUT_RETURN_TYPE = YES_ERROR;
				GCC_WARN_UNDECLARED_SELECTOR = YES;
				GCC_WARN_UNINITIALIZED_AUTOS = YES_AGGRESSIVE;
				GCC_WARN_UNUSED_FUNCTION = YES;
				GCC_WARN_UNUSED_VARIABLE = YES;
				IPHONEOS_DEPLOYMENT_TARGET = 8.1;
				MTL_ENABLE_DEBUG_INFO = NO;
				SDKROOT = iphoneos;
				VALIDATE_PRODUCT = YES;
			};
			name = Release;
		};
		965D13921AADBED600B371CD /* Debug */ = {
			isa = XCBuildConfiguration;
			buildSettings = {
				ASSETCATALOG_COMPILER_APPICON_NAME = AppIcon;
				INFOPLIST_FILE = PuppyBombs/Info.plist;
				LD_RUNPATH_SEARCH_PATHS = "$(inherited) @executable_path/Frameworks";
				PRODUCT_NAME = "$(TARGET_NAME)";
			};
			name = Debug;
		};
		965D13931AADBED600B371CD /* Release */ = {
			isa = XCBuildConfiguration;
			buildSettings = {
				ASSETCATALOG_COMPILER_APPICON_NAME = AppIcon;
				INFOPLIST_FILE = PuppyBombs/Info.plist;
				LD_RUNPATH_SEARCH_PATHS = "$(inherited) @executable_path/Frameworks";
				PRODUCT_NAME = "$(TARGET_NAME)";
			};
			name = Release;
		};
		965D13951AADBED600B371CD /* Debug */ = {
			isa = XCBuildConfiguration;
			buildSettings = {
				BUNDLE_LOADER = "$(TEST_HOST)";
				FRAMEWORK_SEARCH_PATHS = (
					"$(SDKROOT)/Developer/Library/Frameworks",
					"$(inherited)",
				);
				GCC_PREPROCESSOR_DEFINITIONS = (
					"DEBUG=1",
					"$(inherited)",
				);
				INFOPLIST_FILE = PuppyBombsTests/Info.plist;
				LD_RUNPATH_SEARCH_PATHS = "$(inherited) @executable_path/Frameworks @loader_path/Frameworks";
				PRODUCT_NAME = "$(TARGET_NAME)";
				TEST_HOST = "$(BUILT_PRODUCTS_DIR)/PuppyBombs.app/PuppyBombs";
			};
			name = Debug;
		};
		965D13961AADBED600B371CD /* Release */ = {
			isa = XCBuildConfiguration;
			buildSettings = {
				BUNDLE_LOADER = "$(TEST_HOST)";
				FRAMEWORK_SEARCH_PATHS = (
					"$(SDKROOT)/Developer/Library/Frameworks",
					"$(inherited)",
				);
				INFOPLIST_FILE = PuppyBombsTests/Info.plist;
				LD_RUNPATH_SEARCH_PATHS = "$(inherited) @executable_path/Frameworks @loader_path/Frameworks";
				PRODUCT_NAME = "$(TARGET_NAME)";
				TEST_HOST = "$(BUILT_PRODUCTS_DIR)/PuppyBombs.app/PuppyBombs";
			};
			name = Release;
		};
/* End XCBuildConfiguration section */

/* Begin XCConfigurationList section */
		965D13691AADBED600B371CD /* Build configuration list for PBXProject "PuppyBombs" */ = {
			isa = XCConfigurationList;
			buildConfigurations = (
				965D138F1AADBED600B371CD /* Debug */,
				965D13901AADBED600B371CD /* Release */,
			);
			defaultConfigurationIsVisible = 0;
			defaultConfigurationName = Release;
		};
		965D13911AADBED600B371CD /* Build configuration list for PBXNativeTarget "PuppyBombs" */ = {
			isa = XCConfigurationList;
			buildConfigurations = (
				965D13921AADBED600B371CD /* Debug */,
				965D13931AADBED600B371CD /* Release */,
			);
			defaultConfigurationIsVisible = 0;
		};
		965D13941AADBED600B371CD /* Build configuration list for PBXNativeTarget "PuppyBombsTests" */ = {
			isa = XCConfigurationList;
			buildConfigurations = (
				965D13951AADBED600B371CD /* Debug */,
				965D13961AADBED600B371CD /* Release */,
			);
			defaultConfigurationIsVisible = 0;
		};
/* End XCConfigurationList section */
	};
	rootObject = 965D13661AADBED600B371CD /* Project object */;
}
